
Microsoft Visual Studio Solution File, Format Version 12.00
# Visual Studio Version 17
VisualStudioVersion = 17.9.34723.18
MinimumVisualStudioVersion = 10.0.40219.1
Project("{8BC9CEB8-8B4A-11D0-8D11-00A0C91BC942}") = "Prueba1", "Prueba1\Prueba1.vcxproj", "{2C36F207-5788-425D-9CEB-670BA8F38ADC}"
EndProject
Project("{2150E333-8FDC-42A3-9474-1A3956D46DE8}") = "Solution Items", "Solution Items", "{8FBE3BEE-F036-496C-9BAF-77C073C8B292}"
EndProject
Global
	GlobalSection(SolutionConfigurationPlatforms) = preSolution
		Debug|x64 = Debug|x64
		Debug|x86 = Debug|x86
		Release|x64 = Release|x64
		Release|x86 = Release|x86
	EndGlobalSection
	GlobalSection(ProjectConfigurationPlatforms) = postSolution
		{2C36F207-5788-425D-9CEB-670BA8F38ADC}.Debug|x64.ActiveCfg = Debug|x64
		{2C36F207-5788-425D-9CEB-670BA8F38ADC}.Debug|x64.Build.0 = Debug|x64
		{2C36F207-5788-425D-9CEB-670BA8F38ADC}.Debug|x86.ActiveCfg = Debug|Win32
		{2C36F207-5788-425D-9CEB-670BA8F38ADC}.Debug|x86.Build.0 = Debug|Win32
		{2C36F207-5788-425D-9CEB-670BA8F38ADC}.Release|x64.ActiveCfg = Release|x64
		{2C36F207-5788-425D-9CEB-670BA8F38ADC}.Release|x64.Build.0 = Release|x64
		{2C36F207-5788-425D-9CEB-670BA8F38ADC}.Release|x86.ActiveCfg = Release|Win32
		{2C36F207-5788-425D-9CEB-670BA8F38ADC}.Release|x86.Build.0 = Release|Win32
	EndGlobalSection
	GlobalSection(SolutionProperties) = preSolution
		HideSolutionNode = FALSE
	EndGlobalSection
	GlobalSection(ExtensibilityGlobals) = postSolution
		SolutionGuid = {59760926-EF62-42F3-907A-BCE09A85A622}
	EndGlobalSection
EndGlobal
